{
  "name": "html-template",
  "version": "1.0.0",
  "lockfileVersion": 3,
  "requires": true,
  "packages": {
    "": {
      "name": "html-template",
      "version": "1.0.0",
      "license": "WTFPD",
      "devDependencies": {
        "editorconfig-checker": "^5.0.1"
      }
    },
    "node_modules/editorconfig-checker": {
      "version": "5.0.1",
      "dev": true,
      "license": "MIT",
      "bin": {
        "ec": "dist/index.js",
        "editorconfig-checker": "dist/index.js"
      },
      "funding": {
        "type": "buymeacoffee",
        "url": "https://www.buymeacoffee.com/mstruebing"
      }
    }
  }
}
